
Microsoft Visual Studio Solution File, Format Version 12.00
# Visual Studio Version 17
VisualStudioVersion = 17.14.37314.3 d17.14
MinimumVisualStudioVersion = 10.0.40219.1
Project("{FAE04EC0-301F-11D3-BF4B-00C04F79EFBC}") = "MeasureLightIntensity", "MeasureLightIntensity\MeasureLightIntensity.csproj", "{ACE415E8-C131-477B-AABC-DADCFDD795EC}"
EndProject
Global
	GlobalSection(SolutionConfigurationPlatforms) = preSolution
		Debug|Any CPU = Debug|Any CPU
		Release|Any CPU = Release|Any CPU
	EndGlobalSection
	GlobalSection(ProjectConfigurationPlatforms) = postSolution
		{ACE415E8-C131-477B-AABC-DADCFDD795EC}.Debug|Any CPU.ActiveCfg = Debug|Any CPU
		{ACE415E8-C131-477B-AABC-DADCFDD795EC}.Debug|Any CPU.Build.0 = Debug|Any CPU
		{ACE415E8-C131-477B-AABC-DADCFDD795EC}.Release|Any CPU.ActiveCfg = Release|Any CPU
		{ACE415E8-C131-477B-AABC-DADCFDD795EC}.Release|Any CPU.Build.0 = Release|Any CPU
	EndGlobalSection
	GlobalSection(SolutionProperties) = preSolution
		HideSolutionNode = FALSE
	EndGlobalSection
	GlobalSection(ExtensibilityGlobals) = postSolution
		SolutionGuid = {4BDA6602-3B17-45B4-ACEB-53285260D82E}
	EndGlobalSection
EndGlobal
